
Microsoft Visual Studio Solution File, Format Version 12.00
# Visual Studio Version 17
VisualStudioVersion = 17.5.33424.131
MinimumVisualStudioVersion = 10.0.40219.1
Project("{9A19103F-16F7-4668-BE54-9A1E7A4F7556}") = "OS_Phase_1", "OS_Phase_1\OS_Phase_1.csproj", "{C88F1096-E266-4811-9ED8-E51A86E93532}"
EndProject
Project("{FAE04EC0-301F-11D3-BF4B-00C04F79EFBC}") = "OS_Phase_2", "OS_Phase_2\OS_Phase_2.csproj", "{A0FF2C0A-AC1F-45A5-B147-511D55206F70}"
EndProject
Global
	GlobalSection(SolutionConfigurationPlatforms) = preSolution
		Debug|Any CPU = Debug|Any CPU
		Release|Any CPU = Release|Any CPU
	EndGlobalSection
	GlobalSection(ProjectConfigurationPlatforms) = postSolution
		{C88F1096-E266-4811-9ED8-E51A86E93532}.Debug|Any CPU.ActiveCfg = Debug|Any CPU
		{C88F1096-E266-4811-9ED8-E51A86E93532}.Debug|Any CPU.Build.0 = Debug|Any CPU
		{C88F1096-E266-4811-9ED8-E51A86E93532}.Release|Any CPU.ActiveCfg = Release|Any CPU
		{C88F1096-E266-4811-9ED8-E51A86E93532}.Release|Any CPU.Build.0 = Release|Any CPU
		{A0FF2C0A-AC1F-45A5-B147-511D55206F70}.Debug|Any CPU.ActiveCfg = Debug|Any CPU
		{A0FF2C0A-AC1F-45A5-B147-511D55206F70}.Debug|Any CPU.Build.0 = Debug|Any CPU
		{A0FF2C0A-AC1F-45A5-B147-511D55206F70}.Release|Any CPU.ActiveCfg = Release|Any CPU
		{A0FF2C0A-AC1F-45A5-B147-511D55206F70}.Release|Any CPU.Build.0 = Release|Any CPU
	EndGlobalSection
	GlobalSection(SolutionProperties) = preSolution
		HideSolutionNode = FALSE
	EndGlobalSection
	GlobalSection(ExtensibilityGlobals) = postSolution
		SolutionGuid = {3FA77224-5B52-405B-B52F-A141D5652E1E}
	EndGlobalSection
EndGlobal
